{
  "requires": true,
  "lockfileVersion": 1,
  "dependencies": {
    "hclust": {
      "version": "1.0.2",
      "resolved": "https://registry.npmjs.org/hclust/-/hclust-1.0.2.tgz",
      "integrity": "sha512-PENMW+9iMjL8CNbX0sRnEseMh6rHldz63+VSIXfJXZMk6xPt4FhGtmW+i649T++OymuaVryRqOKFCq7NaPx3zQ=="
    },
    "is-any-array": {
      "version": "0.0.3",
      "resolved": "https://registry.npmjs.org/is-any-array/-/is-any-array-0.0.3.tgz",
      "integrity": "sha512-Lr5SRykZv6uuYMZURz7+YpigT1ziTBHOTgFJ1zK7gL+9Wbet5Ha1ws6S84Jo/lH4zep02b95sk6o4+MTk97mPQ=="
    },
    "median-quickselect": {
      "version": "1.0.1",
      "resolved": "https://registry.npmjs.org/median-quickselect/-/median-quickselect-1.0.1.tgz",
      "integrity": "sha1-3jQIA1pbLwQ4o5uZiT+vPn1hd/g="
    },
    "ml-array-max": {
      "version": "1.1.1",
      "resolved": "https://registry.npmjs.org/ml-array-max/-/ml-array-max-1.1.1.tgz",
      "integrity": "sha512-lEtVH02mkRESnwCq6y0w8rrnRltwlEmYKRuYNZGSmpiqL+TcHc1Z/kn73Ga9L3iFtyYOtmdLGug0ufGy0xbfmw==",
      "requires": {
        "is-any-array": "0.0.3"
      }
    },
    "ml-array-mean": {
      "version": "1.1.1",
      "resolved": "https://registry.npmjs.org/ml-array-mean/-/ml-array-mean-1.1.1.tgz",
      "integrity": "sha512-13qaL262Leq7gr9rvfJIOMZ4p7aD8PXOpWgeH83oy527aJEGHGTBLm44eZVt5j+DcEBwtcwXvpSDTromL02rcQ==",
      "requires": {
        "is-any-array": "0.0.3"
      }
    },
    "ml-array-median": {
      "version": "1.1.1",
      "resolved": "https://registry.npmjs.org/ml-array-median/-/ml-array-median-1.1.1.tgz",
      "integrity": "sha512-a9u56ER3iG38kZhDg1qgX9WXBJF4vS74nwdQ5puKPnqFW4cRG/4spPE+N3gHMDnvLu34iX3thDuQYH9Sf+Afww==",
      "requires": {
        "is-any-array": "0.0.3",
        "median-quickselect": "1.0.1"
      }
    },
    "ml-array-min": {
      "version": "1.1.1",
      "resolved": "https://registry.npmjs.org/ml-array-min/-/ml-array-min-1.1.1.tgz",
      "integrity": "sha512-xwUm80ktZLoKMK5j0yilCM8/X07KaW/yvnBiqxPxLRkzIEqK2NA2lHw5uvDpfEYYBUzZbMIG/jHDum+YrjKvPg==",
      "requires": {
        "is-any-array": "0.0.3"
      }
    },
    "ml-array-rescale": {
      "version": "1.2.1",
      "resolved": "https://registry.npmjs.org/ml-array-rescale/-/ml-array-rescale-1.2.1.tgz",
      "integrity": "sha512-C9YliVwYknxBNFXXbCFwCDUZScZkgL82CEL4GdpdhWAvUTZIRn7opAOOj4ZnZZXjIrUFCV+YB99DKM1frd9eOQ==",
      "requires": {
        "is-any-array": "0.0.3",
        "ml-array-max": "1.1.1",
        "ml-array-min": "1.1.1"
      }
    },
    "ml-cart": {
      "version": "1.0.8",
      "resolved": "https://registry.npmjs.org/ml-cart/-/ml-cart-1.0.8.tgz",
      "integrity": "sha512-19ZoyUwza/Cy9kBZwERZF2Rgl8qzVRIUfyZ/zy3Q5RKVTLPD3pAJwxJljl59LpitVAbjKDwpFDfeQn7Oafv7nw==",
      "requires": {
        "ml-array-mean": "1.1.1",
        "ml-matrix": "5.3.0"
      }
    },
    "ml-confusion-matrix": {
      "version": "0.3.0",
      "resolved": "https://registry.npmjs.org/ml-confusion-matrix/-/ml-confusion-matrix-0.3.0.tgz",
      "integrity": "sha512-RtXb5Ji6rIW092a2d6NbkZiupjr5WOvlNvkyAfRwWTLYcUHCc9lHfzdWcO4SKFAO7Rrx0uK9jVMUtxgcT9E5RA=="
    },
    "ml-distance-euclidean": {
      "version": "1.0.0",
      "resolved": "https://registry.npmjs.org/ml-distance-euclidean/-/ml-distance-euclidean-1.0.0.tgz",
      "integrity": "sha1-CER8IjNkGisqm0wp5feS0o8dW5U="
    },
    "ml-fnn": {
      "version": "4.0.0",
      "resolved": "https://registry.npmjs.org/ml-fnn/-/ml-fnn-4.0.0.tgz",
      "integrity": "sha512-3miGhEvaBI4wzXlxMn1pStuLJb+SKKgpy5DAtYGTglpOGDTlVLP/Xtu46NQPSDiOYPhhRQjOEOjjCB/tJaUvNw==",
      "requires": {
        "ml-matrix": "5.3.0"
      }
    },
    "ml-kernel": {
      "version": "2.3.4",
      "resolved": "https://registry.npmjs.org/ml-kernel/-/ml-kernel-2.3.4.tgz",
      "integrity": "sha512-XH841rI/FANQD1JbhJuSy2XpXmstDjTRoYqJTQRq3V+sZmphvOKIJx1bWTr2vCxduDcWV/M77AYPZRivqt5QTA==",
      "requires": {
        "ml-distance-euclidean": "1.0.0",
        "ml-kernel-gaussian": "2.0.1",
        "ml-kernel-polynomial": "2.0.0",
        "ml-kernel-sigmoid": "1.0.0",
        "ml-matrix": "5.3.0"
      }
    },
    "ml-kernel-gaussian": {
      "version": "2.0.1",
      "resolved": "https://registry.npmjs.org/ml-kernel-gaussian/-/ml-kernel-gaussian-2.0.1.tgz",
      "integrity": "sha1-oBrvn0T1vMETQbCaODsbMvEZM8A=",
      "requires": {
        "ml-distance-euclidean": "1.0.0"
      }
    },
    "ml-kernel-polynomial": {
      "version": "2.0.0",
      "resolved": "https://registry.npmjs.org/ml-kernel-polynomial/-/ml-kernel-polynomial-2.0.0.tgz",
      "integrity": "sha1-jsAsAsy2i/JakvvMtNVaSzh8gxM="
    },
    "ml-kernel-sigmoid": {
      "version": "1.0.0",
      "resolved": "https://registry.npmjs.org/ml-kernel-sigmoid/-/ml-kernel-sigmoid-1.0.0.tgz",
      "integrity": "sha1-iEsovhP2GmClFz8EJA6AlusdnNI="
    },
    "ml-knn": {
      "version": "2.1.3",
      "resolved": "https://registry.npmjs.org/ml-knn/-/ml-knn-2.1.3.tgz",
      "integrity": "sha512-0uLgoMtrm8AvT1T7gfxK4vBZwRbVOfIrj5pv+q4Yltpr6oiCpVB6DIKomZ5vlJwjQsq6pkHUF+qHXcUCuk/QWQ==",
      "requires": {
        "ml-distance-euclidean": "1.0.0"
      }
    },
    "ml-levenberg-marquardt": {
      "version": "1.0.4",
      "resolved": "https://registry.npmjs.org/ml-levenberg-marquardt/-/ml-levenberg-marquardt-1.0.4.tgz",
      "integrity": "sha512-BtvQkRwhqn/y2ZJrq7BiFYZkHoSAlAK0ZzdWtivNp/IbcYtjh9QXFgTZ1fFMto4CqEXX4OUj4SRQuMD0259fuA==",
      "requires": {
        "ml-matrix": "5.3.0"
      }
    },
    "ml-logistic-regression": {
      "version": "1.0.2",
      "resolved": "https://registry.npmjs.org/ml-logistic-regression/-/ml-logistic-regression-1.0.2.tgz",
      "integrity": "sha512-9QMnEYjM3OrsAYXUa0I3+8Au6iuXAvfnxQW1VfdSXkPbaZ0423jjvdDEKe0SGl8rlblvgSkB3inOThWk8XmD0A==",
      "requires": {
        "ml-matrix": "5.3.0"
      }
    },
    "ml-matrix": {
      "version": "5.3.0",
      "resolved": "https://registry.npmjs.org/ml-matrix/-/ml-matrix-5.3.0.tgz",
      "integrity": "sha512-DuvdXYwfGRpM+7MVdvi/zSjiazn+8QPrACT3Xi0pQpYx5SXZ1WuFYwUDXTSmV9+hrCxRhrC4hrzesNcfjpvOsw==",
      "requires": {
        "ml-array-max": "1.1.1",
        "ml-array-rescale": "1.2.1"
      }
    },
    "ml-naivebayes": {
      "version": "3.0.0",
      "resolved": "https://registry.npmjs.org/ml-naivebayes/-/ml-naivebayes-3.0.0.tgz",
      "integrity": "sha512-Y3xLkm2OjrJZk+CPjkQhxGlJQqYOUicg3cu7iMUw+6g3eMMAM105jBpbBrXN6ETHhGwzs+hzYUcrhXsnOmxXGA==",
      "requires": {
        "ml-matrix": "5.3.0",
        "ml-stat": "1.3.3"
      }
    },
    "ml-pls": {
      "version": "1.0.0",
      "resolved": "https://registry.npmjs.org/ml-pls/-/ml-pls-1.0.0.tgz",
      "integrity": "sha512-qso4xL6b2A0fOgWFZVdzmpYVJCoMOCgHEARjl0F+9oujmS7I6PdpahwFZ2bj20HXMW9RnFxSUY8PFRuzgyM3bA==",
      "requires": {
        "ml-kernel": "2.3.4",
        "ml-matrix": "5.3.0",
        "ml-stat": "1.3.3"
      }
    },
    "ml-random-forest": {
      "version": "1.0.3",
      "resolved": "https://registry.npmjs.org/ml-random-forest/-/ml-random-forest-1.0.3.tgz",
      "integrity": "sha512-sGy9US+wMDnQUK2VrdCUTkjfNNl1HR5ddGpaUugontwAX9b2Ird/Xx4gV5rLATKYqg2OAE00juWy/4b4HMV7/w==",
      "requires": {
        "ml-array-mean": "1.1.1",
        "ml-array-median": "1.1.1",
        "ml-cart": "1.0.8",
        "ml-matrix": "5.3.0",
        "random-js": "1.0.8"
      }
    },
    "ml-regression-base": {
      "version": "1.2.1",
      "resolved": "https://registry.npmjs.org/ml-regression-base/-/ml-regression-base-1.2.1.tgz",
      "integrity": "sha512-G1gKXkGqT5fvv1oirmF1PjdRAS4qmAH+eTBCL8flAiJ2SI6Lxnh5U18pVJuujKjhOykCvF0Oi47FpWD5CPsLxw=="
    },
    "ml-regression-multivariate-linear": {
      "version": "1.2.0",
      "resolved": "https://registry.npmjs.org/ml-regression-multivariate-linear/-/ml-regression-multivariate-linear-1.2.0.tgz",
      "integrity": "sha512-PUEjcEf05xQbJN9wnMUDFyUXJDZu+Kj6hdw2zzu0S2A9iK9k9AoM30YEUgvD01D12xeanMplWN+xcxgzWPb2/Q==",
      "requires": {
        "ml-matrix": "5.3.0",
        "ml-regression-base": "1.2.1"
      }
    },
    "ml-regression-polynomial": {
      "version": "1.0.3",
      "resolved": "https://registry.npmjs.org/ml-regression-polynomial/-/ml-regression-polynomial-1.0.3.tgz",
      "integrity": "sha512-GXfzXG+PRzpVfVmJiHRc8ggme2ISJlzkaN79Fxl8fI9aQSMoL7qNc3vlp9YwTmzPARhOoFY11JYLuvZCvMIfcg==",
      "requires": {
        "ml-matrix": "5.3.0",
        "ml-regression-base": "1.2.1"
      }
    },
    "ml-regression-robust-polynomial": {
      "version": "2.0.0",
      "resolved": "https://registry.npmjs.org/ml-regression-robust-polynomial/-/ml-regression-robust-polynomial-2.0.0.tgz",
      "integrity": "sha512-66Cng1JH0aG9O+hYnJYIst9cIiwFtW24DccUjW+MsGrkwkW41G3m+ayN+mDRQudmQBXf4rQIadwk3RM1eIaXbA==",
      "requires": {
        "ml-matrix": "6.1.2",
        "ml-regression-base": "2.0.1"
      },
      "dependencies": {
        "ml-matrix": {
          "version": "6.1.2",
          "resolved": "https://registry.npmjs.org/ml-matrix/-/ml-matrix-6.1.2.tgz",
          "integrity": "sha512-JQgKXCaeQQJ22Ssy7Z4iB8mWfzN5sn6Vp7n4d/IsCIQjD13hlLz0SjSIu6xj98CCbY/cxuz8xLfSvAmlghNwmQ==",
          "requires": {
            "ml-array-rescale": "1.2.1"
          }
        },
        "ml-regression-base": {
          "version": "2.0.1",
          "resolved": "https://registry.npmjs.org/ml-regression-base/-/ml-regression-base-2.0.1.tgz",
          "integrity": "sha512-aZGe0DxeyLYPKT4343gzcILJJXrq56FtuMmb4ZafTl9NP9ZEhrjJ9GGkF+yc9CxLJ5Ba7Uc2zAZeLtQ4JokN8g=="
        }
      }
    },
    "ml-regression-simple-linear": {
      "version": "1.0.2",
      "resolved": "https://registry.npmjs.org/ml-regression-simple-linear/-/ml-regression-simple-linear-1.0.2.tgz",
      "integrity": "sha1-2Z/pW+kXjDvwRcxYSQseYoUTNq8=",
      "requires": {
        "ml-regression-base": "1.2.1"
      }
    },
    "ml-regression-theil-sen": {
      "version": "1.0.0",
      "resolved": "https://registry.npmjs.org/ml-regression-theil-sen/-/ml-regression-theil-sen-1.0.0.tgz",
      "integrity": "sha512-h0+IAUqCyR6zEK0pQEoSK/AYYqpRqZVd0HqQ8uFJLXKN/X9vNcYjoImL3JxaB71M7DfUuKI+okeE6b2zVHTJSw==",
      "requires": {
        "ml-regression-base": "1.2.1",
        "ml-stat": "1.3.3"
      }
    },
    "ml-som": {
      "version": "0.0.6",
      "resolved": "https://registry.npmjs.org/ml-som/-/ml-som-0.0.6.tgz",
      "integrity": "sha1-FgIFHEuKPKa5H9bBhReqOwxWaBU="
    },
    "ml-stat": {
      "version": "1.3.3",
      "resolved": "https://registry.npmjs.org/ml-stat/-/ml-stat-1.3.3.tgz",
      "integrity": "sha1-ilSTsPZzgvv3BcJg4HBDZlWn3Po="
    },
    "ml-svm": {
      "version": "2.1.2",
      "resolved": "https://registry.npmjs.org/ml-svm/-/ml-svm-2.1.2.tgz",
      "integrity": "sha1-uuy9LjWoPuZ16NgbkhfOXf3/1Sk=",
      "requires": {
        "ml-kernel": "2.3.4",
        "ml-stat": "1.3.3"
      }
    },
    "random-js": {
      "version": "1.0.8",
      "resolved": "https://registry.npmjs.org/random-js/-/random-js-1.0.8.tgz",
      "integrity": "sha1-lo/WiabyXWwKrHZig94vaIycGQo="
    }
  }
}
